
Microsoft Visual Studio Solution File, Format Version 12.00
# Visual Studio Version 17
VisualStudioVersion = 17.2.32526.322
MinimumVisualStudioVersion = 10.0.40219.1
Project("{FAE04EC0-301F-11D3-BF4B-00C04F79EFBC}") = "Redis.Winform.PubSub", "Redis.Winform.PubSub\Redis.Winform.PubSub.csproj", "{906DA414-B925-46E6-ACEE-1BA78DCF1BDF}"
EndProject
Global
	GlobalSection(SolutionConfigurationPlatforms) = preSolution
		Debug|Any CPU = Debug|Any CPU
		Release|Any CPU = Release|Any CPU
	EndGlobalSection
	GlobalSection(ProjectConfigurationPlatforms) = postSolution
		{906DA414-B925-46E6-ACEE-1BA78DCF1BDF}.Debug|Any CPU.ActiveCfg = Debug|Any CPU
		{906DA414-B925-46E6-ACEE-1BA78DCF1BDF}.Debug|Any CPU.Build.0 = Debug|Any CPU
		{906DA414-B925-46E6-ACEE-1BA78DCF1BDF}.Release|Any CPU.ActiveCfg = Release|Any CPU
		{906DA414-B925-46E6-ACEE-1BA78DCF1BDF}.Release|Any CPU.Build.0 = Release|Any CPU
	EndGlobalSection
	GlobalSection(SolutionProperties) = preSolution
		HideSolutionNode = FALSE
	EndGlobalSection
	GlobalSection(ExtensibilityGlobals) = postSolution
		SolutionGuid = {075FDD9F-6509-4822-A6B5-F2C50773AA24}
	EndGlobalSection
EndGlobal
